
Microsoft Visual Studio Solution File, Format Version 12.00
# Visual Studio Version 17
VisualStudioVersion = 17.7.34018.315
MinimumVisualStudioVersion = 10.0.40219.1
Project("{FAE04EC0-301F-11D3-BF4B-00C04F79EFBC}") = "SportsFacilityManagementAPI", "SportsFacilityManagementAPI.csproj", "{9114693C-3554-4C02-827F-4BB3E3DA94DA}"
EndProject
Global
	GlobalSection(SolutionConfigurationPlatforms) = preSolution
		Debug|Any CPU = Debug|Any CPU
		Release|Any CPU = Release|Any CPU
	EndGlobalSection
	GlobalSection(ProjectConfigurationPlatforms) = postSolution
		{9114693C-3554-4C02-827F-4BB3E3DA94DA}.Debug|Any CPU.ActiveCfg = Debug|Any CPU
		{9114693C-3554-4C02-827F-4BB3E3DA94DA}.Debug|Any CPU.Build.0 = Debug|Any CPU
		{9114693C-3554-4C02-827F-4BB3E3DA94DA}.Release|Any CPU.ActiveCfg = Release|Any CPU
		{9114693C-3554-4C02-827F-4BB3E3DA94DA}.Release|Any CPU.Build.0 = Release|Any CPU
	EndGlobalSection
	GlobalSection(SolutionProperties) = preSolution
		HideSolutionNode = FALSE
	EndGlobalSection
	GlobalSection(ExtensibilityGlobals) = postSolution
		SolutionGuid = {C6CA660F-B6A5-48E0-BE56-FA67080D3A55}
	EndGlobalSection
EndGlobal
